
Microsoft Visual Studio Solution File, Format Version 12.00
# Visual Studio Version 17
VisualStudioVersion = 17.12.35527.113 d17.12
MinimumVisualStudioVersion = 10.0.40219.1
Project("{FAE04EC0-301F-11D3-BF4B-00C04F79EFBC}") = "2 Manipulando textos", "2 Manipulando textos.csproj", "{D125CE90-4722-4490-835C-DB27278AD5A4}"
EndProject
Project("{FAE04EC0-301F-11D3-BF4B-00C04F79EFBC}") = "3 Módulos", "..\3 Módulos\3 Módulos.csproj", "{66B24F7C-8A23-4DE6-B851-33479BBEE5A4}"
EndProject
Global
	GlobalSection(SolutionConfigurationPlatforms) = preSolution
		Debug|Any CPU = Debug|Any CPU
		Release|Any CPU = Release|Any CPU
	EndGlobalSection
	GlobalSection(ProjectConfigurationPlatforms) = postSolution
		{D125CE90-4722-4490-835C-DB27278AD5A4}.Debug|Any CPU.ActiveCfg = Debug|Any CPU
		{D125CE90-4722-4490-835C-DB27278AD5A4}.Debug|Any CPU.Build.0 = Debug|Any CPU
		{D125CE90-4722-4490-835C-DB27278AD5A4}.Release|Any CPU.ActiveCfg = Release|Any CPU
		{D125CE90-4722-4490-835C-DB27278AD5A4}.Release|Any CPU.Build.0 = Release|Any CPU
		{66B24F7C-8A23-4DE6-B851-33479BBEE5A4}.Debug|Any CPU.ActiveCfg = Debug|Any CPU
		{66B24F7C-8A23-4DE6-B851-33479BBEE5A4}.Debug|Any CPU.Build.0 = Debug|Any CPU
		{66B24F7C-8A23-4DE6-B851-33479BBEE5A4}.Release|Any CPU.ActiveCfg = Release|Any CPU
		{66B24F7C-8A23-4DE6-B851-33479BBEE5A4}.Release|Any CPU.Build.0 = Release|Any CPU
	EndGlobalSection
	GlobalSection(SolutionProperties) = preSolution
		HideSolutionNode = FALSE
	EndGlobalSection
EndGlobal
