
Microsoft Visual Studio Solution File, Format Version 12.00
# Visual Studio Version 17
VisualStudioVersion = 17.13.35806.99 d17.13
MinimumVisualStudioVersion = 10.0.40219.1
Project("{FAE04EC0-301F-11D3-BF4B-00C04F79EFBC}") = "exer_Abstrato", "exer_Abstrato.csproj", "{610112E9-8207-40B5-9DFF-042C576F8D28}"
EndProject
Global
	GlobalSection(SolutionConfigurationPlatforms) = preSolution
		Debug|Any CPU = Debug|Any CPU
		Release|Any CPU = Release|Any CPU
	EndGlobalSection
	GlobalSection(ProjectConfigurationPlatforms) = postSolution
		{610112E9-8207-40B5-9DFF-042C576F8D28}.Debug|Any CPU.ActiveCfg = Debug|Any CPU
		{610112E9-8207-40B5-9DFF-042C576F8D28}.Debug|Any CPU.Build.0 = Debug|Any CPU
		{610112E9-8207-40B5-9DFF-042C576F8D28}.Release|Any CPU.ActiveCfg = Release|Any CPU
		{610112E9-8207-40B5-9DFF-042C576F8D28}.Release|Any CPU.Build.0 = Release|Any CPU
	EndGlobalSection
	GlobalSection(SolutionProperties) = preSolution
		HideSolutionNode = FALSE
	EndGlobalSection
	GlobalSection(ExtensibilityGlobals) = postSolution
		SolutionGuid = {BA1BB233-8011-444B-9924-79A1362E6A4E}
	EndGlobalSection
EndGlobal
